
Microsoft Visual Studio Solution File, Format Version 12.00
# Visual Studio 2013
VisualStudioVersion = 12.0.21005.1
MinimumVisualStudioVersion = 10.0.40219.1
Project("{FAE04EC0-301F-11D3-BF4B-00C04F79EFBC}") = "SipAAInstaller", "SipAAInstaller.csproj", "{B2E5F26C-CE20-4BDE-864B-DFAC9A921D60}"
EndProject
Global
	GlobalSection(SolutionConfigurationPlatforms) = preSolution
		Debug|x86 = Debug|x86
		Release|x86 = Release|x86
	EndGlobalSection
	GlobalSection(ProjectConfigurationPlatforms) = postSolution
		{B2E5F26C-CE20-4BDE-864B-DFAC9A921D60}.Debug|x86.ActiveCfg = Debug|x86
		{B2E5F26C-CE20-4BDE-864B-DFAC9A921D60}.Debug|x86.Build.0 = Debug|x86
		{B2E5F26C-CE20-4BDE-864B-DFAC9A921D60}.Release|x86.ActiveCfg = Release|x86
		{B2E5F26C-CE20-4BDE-864B-DFAC9A921D60}.Release|x86.Build.0 = Release|x86
	EndGlobalSection
	GlobalSection(SolutionProperties) = preSolution
		HideSolutionNode = FALSE
	EndGlobalSection
EndGlobal
